
Microsoft Visual Studio Solution File, Format Version 11.00
# Visual Studio 2010
Project("{FAE04EC0-301F-11D3-BF4B-00C04F79EFBC}") = "MoreMountains.CorgiEngine", "MoreMountains.CorgiEngine.csproj", "{9ab208f6-5a76-72f2-35c5-06dad418c1d3}"
EndProject
Project("{FAE04EC0-301F-11D3-BF4B-00C04F79EFBC}") = "MoreMountains.Tools", "MoreMountains.Tools.csproj", "{a9f020db-8d34-8788-d12d-d4bed2c20fe1}"
EndProject
Project("{FAE04EC0-301F-11D3-BF4B-00C04F79EFBC}") = "MoreMountains.Feedbacks", "MoreMountains.Feedbacks.csproj", "{6d6189c0-e5a0-348b-a9c0-4156f1336f48}"
EndProject
Project("{FAE04EC0-301F-11D3-BF4B-00C04F79EFBC}") = "MoreMountains.Tools.Editor", "MoreMountains.Tools.Editor.csproj", "{e1b9af5d-1f8c-3c6f-9bc4-901d1f5bbaf2}"
EndProject
Project("{FAE04EC0-301F-11D3-BF4B-00C04F79EFBC}") = "MoreMountains.InventoryEngine", "MoreMountains.InventoryEngine.csproj", "{af5cacde-6319-add6-a55f-708902d78037}"
EndProject
Project("{FAE04EC0-301F-11D3-BF4B-00C04F79EFBC}") = "MoreMountains.Feedbacks.MMTools", "MoreMountains.Feedbacks.MMTools.csproj", "{d0f2a048-873f-d371-3368-a6a4a59407e0}"
EndProject
Project("{FAE04EC0-301F-11D3-BF4B-00C04F79EFBC}") = "MoreMountains.CorgiEngine.Editor", "MoreMountains.CorgiEngine.Editor.csproj", "{5c79fe9e-7ee1-7701-8004-623618a9086e}"
EndProject
Project("{FAE04EC0-301F-11D3-BF4B-00C04F79EFBC}") = "MoreMountains.Feedbacks.PostProcessing", "MoreMountains.Feedbacks.PostProcessing.csproj", "{d354fe93-9bff-2249-fff5-05d327c00455}"
EndProject
Project("{FAE04EC0-301F-11D3-BF4B-00C04F79EFBC}") = "MoreMountains.InventoryEngine.Editor", "MoreMountains.InventoryEngine.Editor.csproj", "{c57d112e-5eaf-461e-c84f-b14987fc4ce2}"
EndProject
Project("{FAE04EC0-301F-11D3-BF4B-00C04F79EFBC}") = "MoreMountains.Feedbacks.NiceVibrations", "MoreMountains.Feedbacks.NiceVibrations.csproj", "{3854807a-efbd-984c-9957-ab4c76ef7b3e}"
EndProject
Project("{FAE04EC0-301F-11D3-BF4B-00C04F79EFBC}") = "MoreMountains.Feedbacks.HDRP", "MoreMountains.Feedbacks.HDRP.csproj", "{cf8038c9-9120-568f-4367-9fa51a1aaa19}"
EndProject
Project("{FAE04EC0-301F-11D3-BF4B-00C04F79EFBC}") = "MoreMountains.Feedbacks.URP", "MoreMountains.Feedbacks.URP.csproj", "{a803aabc-0edb-fe6c-9400-b8a396cb4b9e}"
EndProject
Project("{FAE04EC0-301F-11D3-BF4B-00C04F79EFBC}") = "MoreMountains.Feedbacks.Editor", "MoreMountains.Feedbacks.Editor.csproj", "{9c0d5a25-0ff6-2b3a-5d13-5bbc03bdcdc1}"
EndProject
Project("{FAE04EC0-301F-11D3-BF4B-00C04F79EFBC}") = "MoreMountains.Feedbacks.Cinemachine", "MoreMountains.Feedbacks.Cinemachine.csproj", "{a6a5b22c-5e9b-ca47-bcf2-faa48b06546b}"
EndProject
Project("{FAE04EC0-301F-11D3-BF4B-00C04F79EFBC}") = "MoreMountains.Interface", "MoreMountains.Interface.csproj", "{4857f7bb-9875-cfac-eeb5-fa1efd1d60f4}"
EndProject
Project("{FAE04EC0-301F-11D3-BF4B-00C04F79EFBC}") = "MoreMountains.Feedbacks.TextMeshPro", "MoreMountains.Feedbacks.TextMeshPro.csproj", "{6a6eb1b6-0a44-834c-ddbc-bc42e39bccaa}"
EndProject
Project("{FAE04EC0-301F-11D3-BF4B-00C04F79EFBC}") = "MoreMountains.Feedbacks.Authorizations", "MoreMountains.Feedbacks.Authorizations.csproj", "{b936e74b-61a5-e068-b45e-cac32c23f134}"
EndProject
Project("{FAE04EC0-301F-11D3-BF4B-00C04F79EFBC}") = "MoreMountains.Interface.Editor", "MoreMountains.Interface.Editor.csproj", "{b15cc5ac-b324-2a02-ec20-f485db927140}"
EndProject
Global
	GlobalSection(SolutionConfigurationPlatforms) = preSolution
		Debug|Any CPU = Debug|Any CPU
	EndGlobalSection
	GlobalSection(ProjectConfigurationPlatforms) = postSolution
		{9ab208f6-5a76-72f2-35c5-06dad418c1d3}.Debug|Any CPU.ActiveCfg = Debug|Any CPU
		{9ab208f6-5a76-72f2-35c5-06dad418c1d3}.Debug|Any CPU.Build.0 = Debug|Any CPU
		{a9f020db-8d34-8788-d12d-d4bed2c20fe1}.Debug|Any CPU.ActiveCfg = Debug|Any CPU
		{a9f020db-8d34-8788-d12d-d4bed2c20fe1}.Debug|Any CPU.Build.0 = Debug|Any CPU
		{6d6189c0-e5a0-348b-a9c0-4156f1336f48}.Debug|Any CPU.ActiveCfg = Debug|Any CPU
		{6d6189c0-e5a0-348b-a9c0-4156f1336f48}.Debug|Any CPU.Build.0 = Debug|Any CPU
		{e1b9af5d-1f8c-3c6f-9bc4-901d1f5bbaf2}.Debug|Any CPU.ActiveCfg = Debug|Any CPU
		{e1b9af5d-1f8c-3c6f-9bc4-901d1f5bbaf2}.Debug|Any CPU.Build.0 = Debug|Any CPU
		{af5cacde-6319-add6-a55f-708902d78037}.Debug|Any CPU.ActiveCfg = Debug|Any CPU
		{af5cacde-6319-add6-a55f-708902d78037}.Debug|Any CPU.Build.0 = Debug|Any CPU
		{d0f2a048-873f-d371-3368-a6a4a59407e0}.Debug|Any CPU.ActiveCfg = Debug|Any CPU
		{d0f2a048-873f-d371-3368-a6a4a59407e0}.Debug|Any CPU.Build.0 = Debug|Any CPU
		{5c79fe9e-7ee1-7701-8004-623618a9086e}.Debug|Any CPU.ActiveCfg = Debug|Any CPU
		{5c79fe9e-7ee1-7701-8004-623618a9086e}.Debug|Any CPU.Build.0 = Debug|Any CPU
		{d354fe93-9bff-2249-fff5-05d327c00455}.Debug|Any CPU.ActiveCfg = Debug|Any CPU
		{d354fe93-9bff-2249-fff5-05d327c00455}.Debug|Any CPU.Build.0 = Debug|Any CPU
		{c57d112e-5eaf-461e-c84f-b14987fc4ce2}.Debug|Any CPU.ActiveCfg = Debug|Any CPU
		{c57d112e-5eaf-461e-c84f-b14987fc4ce2}.Debug|Any CPU.Build.0 = Debug|Any CPU
		{3854807a-efbd-984c-9957-ab4c76ef7b3e}.Debug|Any CPU.ActiveCfg = Debug|Any CPU
		{3854807a-efbd-984c-9957-ab4c76ef7b3e}.Debug|Any CPU.Build.0 = Debug|Any CPU
		{cf8038c9-9120-568f-4367-9fa51a1aaa19}.Debug|Any CPU.ActiveCfg = Debug|Any CPU
		{cf8038c9-9120-568f-4367-9fa51a1aaa19}.Debug|Any CPU.Build.0 = Debug|Any CPU
		{a803aabc-0edb-fe6c-9400-b8a396cb4b9e}.Debug|Any CPU.ActiveCfg = Debug|Any CPU
		{a803aabc-0edb-fe6c-9400-b8a396cb4b9e}.Debug|Any CPU.Build.0 = Debug|Any CPU
		{9c0d5a25-0ff6-2b3a-5d13-5bbc03bdcdc1}.Debug|Any CPU.ActiveCfg = Debug|Any CPU
		{9c0d5a25-0ff6-2b3a-5d13-5bbc03bdcdc1}.Debug|Any CPU.Build.0 = Debug|Any CPU
		{a6a5b22c-5e9b-ca47-bcf2-faa48b06546b}.Debug|Any CPU.ActiveCfg = Debug|Any CPU
		{a6a5b22c-5e9b-ca47-bcf2-faa48b06546b}.Debug|Any CPU.Build.0 = Debug|Any CPU
		{4857f7bb-9875-cfac-eeb5-fa1efd1d60f4}.Debug|Any CPU.ActiveCfg = Debug|Any CPU
		{4857f7bb-9875-cfac-eeb5-fa1efd1d60f4}.Debug|Any CPU.Build.0 = Debug|Any CPU
		{6a6eb1b6-0a44-834c-ddbc-bc42e39bccaa}.Debug|Any CPU.ActiveCfg = Debug|Any CPU
		{6a6eb1b6-0a44-834c-ddbc-bc42e39bccaa}.Debug|Any CPU.Build.0 = Debug|Any CPU
		{b936e74b-61a5-e068-b45e-cac32c23f134}.Debug|Any CPU.ActiveCfg = Debug|Any CPU
		{b936e74b-61a5-e068-b45e-cac32c23f134}.Debug|Any CPU.Build.0 = Debug|Any CPU
		{b15cc5ac-b324-2a02-ec20-f485db927140}.Debug|Any CPU.ActiveCfg = Debug|Any CPU
		{b15cc5ac-b324-2a02-ec20-f485db927140}.Debug|Any CPU.Build.0 = Debug|Any CPU
	EndGlobalSection
	GlobalSection(SolutionProperties) = preSolution
		HideSolutionNode = FALSE
	EndGlobalSection
EndGlobal
